
Microsoft Visual Studio Solution File, Format Version 12.00
# Visual Studio Version 16
VisualStudioVersion = 25.0.1706.1
MinimumVisualStudioVersion = 10.0.40219.1
Project("{FAE04EC0-301F-11D3-BF4B-00C04F79EFBC}") = "SimpleProject", "SimpleProject.csproj", "{C08F0A9D-6F24-4289-AF42-F659AA3A7F0C}"
EndProject
Global
	GlobalSection(SolutionConfigurationPlatforms) = preSolution
		Debug|Any CPU = Debug|Any CPU
		Release|Any CPU = Release|Any CPU
	EndGlobalSection
	GlobalSection(ProjectConfigurationPlatforms) = postSolution
		{C08F0A9D-6F24-4289-AF42-F659AA3A7F0C}.Debug|Any CPU.ActiveCfg = Debug|Any CPU
		{C08F0A9D-6F24-4289-AF42-F659AA3A7F0C}.Debug|Any CPU.Build.0 = Debug|Any CPU
		{C08F0A9D-6F24-4289-AF42-F659AA3A7F0C}.Release|Any CPU.ActiveCfg = Release|Any CPU
		{C08F0A9D-6F24-4289-AF42-F659AA3A7F0C}.Release|Any CPU.Build.0 = Release|Any CPU
	EndGlobalSection
	GlobalSection(SolutionProperties) = preSolution
		HideSolutionNode = FALSE
	EndGlobalSection
	GlobalSection(ExtensibilityGlobals) = postSolution
		SolutionGuid = {09A8DC52-C20E-48BD-8BF9-9786B943E49C}
	EndGlobalSection
EndGlobal
