
Microsoft Visual Studio Solution File, Format Version 12.00
# Visual Studio Version 16
VisualStudioVersion = 25.0.1706.1
MinimumVisualStudioVersion = 10.0.40219.1
Project("{FAE04EC0-301F-11D3-BF4B-00C04F79EFBC}") = "SimpleProject", "SimpleProject.csproj", "{80F8FB64-C3DB-4DAF-8A04-4DA165BD07A5}"
EndProject
Global
	GlobalSection(SolutionConfigurationPlatforms) = preSolution
		Debug|Any CPU = Debug|Any CPU
		Release|Any CPU = Release|Any CPU
	EndGlobalSection
	GlobalSection(ProjectConfigurationPlatforms) = postSolution
		{80F8FB64-C3DB-4DAF-8A04-4DA165BD07A5}.Debug|Any CPU.ActiveCfg = Debug|Any CPU
		{80F8FB64-C3DB-4DAF-8A04-4DA165BD07A5}.Debug|Any CPU.Build.0 = Debug|Any CPU
		{80F8FB64-C3DB-4DAF-8A04-4DA165BD07A5}.Release|Any CPU.ActiveCfg = Release|Any CPU
		{80F8FB64-C3DB-4DAF-8A04-4DA165BD07A5}.Release|Any CPU.Build.0 = Release|Any CPU
	EndGlobalSection
	GlobalSection(SolutionProperties) = preSolution
		HideSolutionNode = FALSE
	EndGlobalSection
	GlobalSection(ExtensibilityGlobals) = postSolution
		SolutionGuid = {A313FED9-E889-4530-9BCC-C427CE4C10A5}
	EndGlobalSection
EndGlobal
