
Microsoft Visual Studio Solution File, Format Version 12.00
# Visual Studio Version 16
VisualStudioVersion = 25.0.1706.1
MinimumVisualStudioVersion = 10.0.40219.1
Project("{FAE04EC0-301F-11D3-BF4B-00C04F79EFBC}") = "MinimalApiV2", "MinimalApiV2.csproj", "{163BBA9C-6041-4725-8D6B-7727CC82F92E}"
EndProject
Global
	GlobalSection(SolutionConfigurationPlatforms) = preSolution
		Debug|Any CPU = Debug|Any CPU
		Release|Any CPU = Release|Any CPU
	EndGlobalSection
	GlobalSection(ProjectConfigurationPlatforms) = postSolution
		{163BBA9C-6041-4725-8D6B-7727CC82F92E}.Debug|Any CPU.ActiveCfg = Debug|Any CPU
		{163BBA9C-6041-4725-8D6B-7727CC82F92E}.Debug|Any CPU.Build.0 = Debug|Any CPU
		{163BBA9C-6041-4725-8D6B-7727CC82F92E}.Release|Any CPU.ActiveCfg = Release|Any CPU
		{163BBA9C-6041-4725-8D6B-7727CC82F92E}.Release|Any CPU.Build.0 = Release|Any CPU
	EndGlobalSection
	GlobalSection(SolutionProperties) = preSolution
		HideSolutionNode = FALSE
	EndGlobalSection
	GlobalSection(ExtensibilityGlobals) = postSolution
		SolutionGuid = {0B923927-217E-44BF-B643-F89FC2205ECA}
	EndGlobalSection
EndGlobal
